{
  "name": "wisdom_education_miniprogram",
  "version": "1.0.0",
  "lockfileVersion": 2,
  "requires": true,
  "packages": {
    "": {
      "name": "wisdom_education_miniprogram",
      "version": "1.0.0",
      "dependencies": {
        "@miniprogram-component-plus/tabs": "^1.0.0",
        "miniprogram-api-promise": "^1.0.4",
        "weapp-cookie": "^1.4.6"
      }
    },
    "node_modules/@miniprogram-component-plus/tabs": {
      "version": "1.0.0",
      "resolved": "https://mirrors.tencent.com/npm/@miniprogram-component-plus%2ftabs/-/tabs-1.0.0.tgz",
      "integrity": "sha512-oV9dFpIoYAz0IbDECS9toS1GHivWoAd1cchxeZKCBV3PoPCEipHOeXQS3K2USr7EY8LDyfg3f0tDAacPfagYjg==",
      "license": "ISC"
    },
    "node_modules/miniprogram-api-promise": {
      "version": "1.0.4",
      "resolved": "http://r.tnpm.oa.com/miniprogram-api-promise/download/miniprogram-api-promise-1.0.4.tgz",
      "integrity": "sha1-/v6bcpI/0x+IsSRjtQLLRXyJK0w="
    },
    "node_modules/set-cookie-parser": {
      "version": "2.4.6",
      "resolved": "http://r.tnpm.oa.com/set-cookie-parser/download/set-cookie-parser-2.4.6.tgz",
      "integrity": "sha1-Q73qAouebxdkdO5SmOdYtKRHmcM="
    },
    "node_modules/weapp-cookie": {
      "version": "1.4.6",
      "resolved": "http://r.tnpm.oa.com/weapp-cookie/download/weapp-cookie-1.4.6.tgz",
      "integrity": "sha1-bGBwjRvveC1X8mb+ezXjfaiDDz4=",
      "dependencies": {
        "set-cookie-parser": "^2.3.8"
      }
    }
  },
  "dependencies": {
    "@miniprogram-component-plus/tabs": {
      "version": "1.0.0",
      "resolved": "https://mirrors.tencent.com/npm/@miniprogram-component-plus%2ftabs/-/tabs-1.0.0.tgz",
      "integrity": "sha512-oV9dFpIoYAz0IbDECS9toS1GHivWoAd1cchxeZKCBV3PoPCEipHOeXQS3K2USr7EY8LDyfg3f0tDAacPfagYjg=="
    },
    "miniprogram-api-promise": {
      "version": "1.0.4",
      "resolved": "http://r.tnpm.oa.com/miniprogram-api-promise/download/miniprogram-api-promise-1.0.4.tgz",
      "integrity": "sha1-/v6bcpI/0x+IsSRjtQLLRXyJK0w="
    },
    "set-cookie-parser": {
      "version": "2.4.6",
      "resolved": "http://r.tnpm.oa.com/set-cookie-parser/download/set-cookie-parser-2.4.6.tgz",
      "integrity": "sha1-Q73qAouebxdkdO5SmOdYtKRHmcM="
    },
    "weapp-cookie": {
      "version": "1.4.6",
      "resolved": "http://r.tnpm.oa.com/weapp-cookie/download/weapp-cookie-1.4.6.tgz",
      "integrity": "sha1-bGBwjRvveC1X8mb+ezXjfaiDDz4=",
      "requires": {
        "set-cookie-parser": "^2.3.8"
      }
    }
  }
}
